
Microsoft Visual Studio Solution File, Format Version 12.00
# Visual Studio Version 16
VisualStudioVersion = 16.0.30114.105
MinimumVisualStudioVersion = 10.0.40219.1
Project("{FAE04EC0-301F-11D3-BF4B-00C04F79EFBC}") = "CashRegisterCore", "CashRegisterCore\CashRegisterCore.csproj", "{08172872-ADCB-4272-BB4D-AC277BDC20F7}"
EndProject
Project("{FAE04EC0-301F-11D3-BF4B-00C04F79EFBC}") = "CashRegisterApp", "CashRegisterApp\CashRegisterApp.csproj", "{EE9FE58F-8336-414E-9685-4CAA921BA768}"
EndProject
Project("{FAE04EC0-301F-11D3-BF4B-00C04F79EFBC}") = "CashRegisterTests", "CashRegisterTests\CashRegisterTests.csproj", "{0648F855-0DEE-41F4-8EDA-CBDCC376DA72}"
EndProject
Global
	GlobalSection(SolutionConfigurationPlatforms) = preSolution
		Debug|Any CPU = Debug|Any CPU
		Release|Any CPU = Release|Any CPU
	EndGlobalSection
	GlobalSection(SolutionProperties) = preSolution
		HideSolutionNode = FALSE
	EndGlobalSection
	GlobalSection(ProjectConfigurationPlatforms) = postSolution
		{08172872-ADCB-4272-BB4D-AC277BDC20F7}.Debug|Any CPU.ActiveCfg = Debug|Any CPU
		{08172872-ADCB-4272-BB4D-AC277BDC20F7}.Debug|Any CPU.Build.0 = Debug|Any CPU
		{08172872-ADCB-4272-BB4D-AC277BDC20F7}.Release|Any CPU.ActiveCfg = Release|Any CPU
		{08172872-ADCB-4272-BB4D-AC277BDC20F7}.Release|Any CPU.Build.0 = Release|Any CPU
		{EE9FE58F-8336-414E-9685-4CAA921BA768}.Debug|Any CPU.ActiveCfg = Debug|Any CPU
		{EE9FE58F-8336-414E-9685-4CAA921BA768}.Debug|Any CPU.Build.0 = Debug|Any CPU
		{EE9FE58F-8336-414E-9685-4CAA921BA768}.Release|Any CPU.ActiveCfg = Release|Any CPU
		{EE9FE58F-8336-414E-9685-4CAA921BA768}.Release|Any CPU.Build.0 = Release|Any CPU
		{0648F855-0DEE-41F4-8EDA-CBDCC376DA72}.Debug|Any CPU.ActiveCfg = Debug|Any CPU
		{0648F855-0DEE-41F4-8EDA-CBDCC376DA72}.Debug|Any CPU.Build.0 = Debug|Any CPU
		{0648F855-0DEE-41F4-8EDA-CBDCC376DA72}.Release|Any CPU.ActiveCfg = Release|Any CPU
		{0648F855-0DEE-41F4-8EDA-CBDCC376DA72}.Release|Any CPU.Build.0 = Release|Any CPU
	EndGlobalSection
EndGlobal
